
Microsoft Visual Studio Solution File, Format Version 12.00
# Visual Studio Version 17
VisualStudioVersion = 17.7.34018.315
MinimumVisualStudioVersion = 10.0.40219.1
Project("{FAE04EC0-301F-11D3-BF4B-00C04F79EFBC}") = "Uppgift_7.2", "Uppgift_7.2\Uppgift_7.2.csproj", "{5E8D93E3-EE79-4064-ACE8-2F3B230263FE}"
EndProject
Global
	GlobalSection(SolutionConfigurationPlatforms) = preSolution
		Debug|Any CPU = Debug|Any CPU
		Release|Any CPU = Release|Any CPU
	EndGlobalSection
	GlobalSection(ProjectConfigurationPlatforms) = postSolution
		{5E8D93E3-EE79-4064-ACE8-2F3B230263FE}.Debug|Any CPU.ActiveCfg = Debug|Any CPU
		{5E8D93E3-EE79-4064-ACE8-2F3B230263FE}.Debug|Any CPU.Build.0 = Debug|Any CPU
		{5E8D93E3-EE79-4064-ACE8-2F3B230263FE}.Release|Any CPU.ActiveCfg = Release|Any CPU
		{5E8D93E3-EE79-4064-ACE8-2F3B230263FE}.Release|Any CPU.Build.0 = Release|Any CPU
	EndGlobalSection
	GlobalSection(SolutionProperties) = preSolution
		HideSolutionNode = FALSE
	EndGlobalSection
	GlobalSection(ExtensibilityGlobals) = postSolution
		SolutionGuid = {7E9DF933-5514-4B35-A718-092DA4431F74}
	EndGlobalSection
EndGlobal
